
Microsoft Visual Studio Solution File, Format Version 12.00
# Visual Studio Version 17
VisualStudioVersion = 17.8.34330.188
MinimumVisualStudioVersion = 10.0.40219.1
Project("{FAE04EC0-301F-11D3-BF4B-00C04F79EFBC}") = "GrainBroker.API", "GrainBroker.API.csproj", "{D81907DB-0C57-4E27-AC03-3F528698EFEB}"
EndProject
Project("{FAE04EC0-301F-11D3-BF4B-00C04F79EFBC}") = "GrainBroker.Core", "..\GrainBroker.Core\GrainBroker.Core.csproj", "{EFDC3EB2-C2FE-4361-B16A-CC8F34E74E63}"
EndProject
Project("{FAE04EC0-301F-11D3-BF4B-00C04F79EFBC}") = "GrainBroker.Data", "..\GrainBroker.Data\GrainBroker.Data.csproj", "{5D49214A-8C63-43BD-9EDC-5F7AC454DCBC}"
EndProject
Global
	GlobalSection(SolutionConfigurationPlatforms) = preSolution
		Debug|Any CPU = Debug|Any CPU
		Release|Any CPU = Release|Any CPU
	EndGlobalSection
	GlobalSection(ProjectConfigurationPlatforms) = postSolution
		{D81907DB-0C57-4E27-AC03-3F528698EFEB}.Debug|Any CPU.ActiveCfg = Debug|Any CPU
		{D81907DB-0C57-4E27-AC03-3F528698EFEB}.Debug|Any CPU.Build.0 = Debug|Any CPU
		{D81907DB-0C57-4E27-AC03-3F528698EFEB}.Release|Any CPU.ActiveCfg = Release|Any CPU
		{D81907DB-0C57-4E27-AC03-3F528698EFEB}.Release|Any CPU.Build.0 = Release|Any CPU
		{EFDC3EB2-C2FE-4361-B16A-CC8F34E74E63}.Debug|Any CPU.ActiveCfg = Debug|Any CPU
		{EFDC3EB2-C2FE-4361-B16A-CC8F34E74E63}.Debug|Any CPU.Build.0 = Debug|Any CPU
		{EFDC3EB2-C2FE-4361-B16A-CC8F34E74E63}.Release|Any CPU.ActiveCfg = Release|Any CPU
		{EFDC3EB2-C2FE-4361-B16A-CC8F34E74E63}.Release|Any CPU.Build.0 = Release|Any CPU
		{5D49214A-8C63-43BD-9EDC-5F7AC454DCBC}.Debug|Any CPU.ActiveCfg = Debug|Any CPU
		{5D49214A-8C63-43BD-9EDC-5F7AC454DCBC}.Debug|Any CPU.Build.0 = Debug|Any CPU
		{5D49214A-8C63-43BD-9EDC-5F7AC454DCBC}.Release|Any CPU.ActiveCfg = Release|Any CPU
		{5D49214A-8C63-43BD-9EDC-5F7AC454DCBC}.Release|Any CPU.Build.0 = Release|Any CPU
	EndGlobalSection
	GlobalSection(SolutionProperties) = preSolution
		HideSolutionNode = FALSE
	EndGlobalSection
	GlobalSection(ExtensibilityGlobals) = postSolution
		SolutionGuid = {2BFA59CA-AB6F-48A8-81B5-D5D70B09D21A}
	EndGlobalSection
EndGlobal
